<?xml version="1.0" encoding="utf-8"?>
<Project ToolsVersion="4.0" xmlns="http://schemas.microsoft.com/developer/msbuild/2003">
  <ItemGroup>
    <Filter Include="소스 파일">
      <UniqueIdentifier>{4FC737F1-C7A5-4376-A066-2A32D752A2FF}</UniqueIdentifier>
      <Extensions>cpp;c;cc;cxx;c++;cppm;ixx;def;odl;idl;hpj;bat;asm;asmx</Extensions>
    </Filter>
    <Filter Include="소스 파일\Utils">
      <UniqueIdentifier>{e852dce8-dafc-47bf-a36e-444e563dd210}</UniqueIdentifier>
    </Filter>
    <Filter Include="소스 파일\Scenes">
      <UniqueIdentifier>{9fd8ac13-011f-4f46-84ff-216b7a488ab7}</UniqueIdentifier>
    </Filter>
    <Filter Include="소스 파일\Cameras">
      <UniqueIdentifier>{e8d1a445-f9cd-4011-ab31-0cff7e892cf4}</UniqueIdentifier>
    </Filter>
    <Filter Include="소스 파일\Meshes">
      <UniqueIdentifier>{069e0a03-a98a-4567-8975-12628296bb8f}</UniqueIdentifier>
    </Filter>
    <Filter Include="소스 파일\Shaders">
      <UniqueIdentifier>{f7d6a52a-6696-4e4d-ac0d-45b3b755fb93}</UniqueIdentifier>
    </Filter>
    <Filter Include="소스 파일\HLSLs">
      <UniqueIdentifier>{12dddfb1-b090-4213-9ec8-afd70d1deaf4}</UniqueIdentifier>
    </Filter>
    <Filter Include="소스 파일\GameObjects">
      <UniqueIdentifier>{e33fa5f7-536d-4026-ab7e-477f44f2c7d1}</UniqueIdentifier>
    </Filter>
    <Filter Include="소스 파일\Players">
      <UniqueIdentifier>{1eb5e6c7-0b5f-46a1-9b6e-7c5cd2f59c77}</UniqueIdentifier>
    </Filter>
    <Filter Include="소스 파일\Materials">
      <UniqueIdentifier>{a8a4fb6c-b7b2-49fb-8919-dbda9b990425}</UniqueIdentifier>
    </Filter>
    <Filter Include="소스 파일\Lights">
      <UniqueIdentifier>{60955200-d4f1-4509-8663-ca96e75b671b}</UniqueIdentifier>
    </Filter>
  </ItemGroup>
  <ItemGroup>
    <ClInclude Include="d3dApp.h">
      <Filter>소스 파일</Filter>
    </ClInclude>
    <ClInclude Include="pch.h">
      <Filter>소스 파일\Utils</Filter>
    </ClInclude>
    <ClInclude Include="d3dUtil.h">
      <Filter>소스 파일\Utils</Filter>
    </ClInclude>
    <ClInclude Include="DDSTextureLoader12.h">
      <Filter>소스 파일\Utils</Filter>
    </ClInclude>
    <ClInclude Include="Timer.h">
      <Filter>소스 파일\Utils</Filter>
    </ClInclude>
    <ClInclude Include="Framework.h">
      <Filter>소스 파일</Filter>
    </ClInclude>
    <ClInclude Include="Scene.h">
      <Filter>소스 파일\Scenes</Filter>
    </ClInclude>
    <ClInclude Include="Camera.h">
      <Filter>소스 파일\Cameras</Filter>
    </ClInclude>
    <ClInclude Include="Shader.h">
      <Filter>소스 파일\Shaders</Filter>
    </ClInclude>
    <ClInclude Include="Mesh.h">
      <Filter>소스 파일\Meshes</Filter>
    </ClInclude>
    <ClInclude Include="GameObject.h">
      <Filter>소스 파일\GameObjects</Filter>
    </ClInclude>
    <ClInclude Include="Player.h">
      <Filter>소스 파일\Players</Filter>
    </ClInclude>
    <ClInclude Include="d3dx12.h">
      <Filter>소스 파일\Utils</Filter>
    </ClInclude>
    <ClInclude Include="OpaqueShader.h">
      <Filter>소스 파일\Shaders</Filter>
    </ClInclude>
    <ClInclude Include="Shaders.h">
      <Filter>소스 파일\Shaders</Filter>
    </ClInclude>
    <ClInclude Include="Meshes.h">
      <Filter>소스 파일\Meshes</Filter>
    </ClInclude>
    <ClInclude Include="CubeMesh.h">
      <Filter>소스 파일\Meshes</Filter>
    </ClInclude>
    <ClInclude Include="SphereMesh.h">
      <Filter>소스 파일\Meshes</Filter>
    </ClInclude>
    <ClInclude Include="MainScene.h">
      <Filter>소스 파일\Scenes</Filter>
    </ClInclude>
    <ClInclude Include="RotatingObject.h">
      <Filter>소스 파일\GameObjects</Filter>
    </ClInclude>
    <ClInclude Include="GameObjects.h">
      <Filter>소스 파일\GameObjects</Filter>
    </ClInclude>
    <ClInclude Include="Scenes.h">
      <Filter>소스 파일\Scenes</Filter>
    </ClInclude>
    <ClInclude Include="Material.h">
      <Filter>소스 파일\Materials</Filter>
    </ClInclude>
    <ClInclude Include="Texture.h">
      <Filter>소스 파일\Materials</Filter>
    </ClInclude>
    <ClInclude Include="Materials.h">
      <Filter>소스 파일\Materials</Filter>
    </ClInclude>
    <ClInclude Include="Light.h">
      <Filter>소스 파일\Lights</Filter>
    </ClInclude>
    <ClInclude Include="Light.hlsl">
      <Filter>소스 파일\HLSLs</Filter>
    </ClInclude>
    <ClInclude Include="SkyBoxShader.h">
      <Filter>소스 파일\Shaders</Filter>
    </ClInclude>
    <ClInclude Include="SkyBox.hlsl">
      <Filter>소스 파일\HLSLs</Filter>
    </ClInclude>
    <ClInclude Include="HeightMapGridMesh.h">
      <Filter>소스 파일\Meshes</Filter>
    </ClInclude>
    <ClInclude Include="TerrainObject.h">
      <Filter>소스 파일\GameObjects</Filter>
    </ClInclude>
    <ClInclude Include="TerrainShader.h">
      <Filter>소스 파일\Shaders</Filter>
    </ClInclude>
  </ItemGroup>
  <ItemGroup>
    <ClCompile Include="d3dApp.cpp">
      <Filter>소스 파일</Filter>
    </ClCompile>
    <ClCompile Include="pch.cpp">
      <Filter>소스 파일\Utils</Filter>
    </ClCompile>
    <ClCompile Include="d3dUtil.cpp">
      <Filter>소스 파일\Utils</Filter>
    </ClCompile>
    <ClCompile Include="DDSTextureLoader12.cpp">
      <Filter>소스 파일\Utils</Filter>
    </ClCompile>
    <ClCompile Include="Timer.cpp">
      <Filter>소스 파일\Utils</Filter>
    </ClCompile>
    <ClCompile Include="Framework.cpp">
      <Filter>소스 파일</Filter>
    </ClCompile>
    <ClCompile Include="Scene.cpp">
      <Filter>소스 파일\Scenes</Filter>
    </ClCompile>
    <ClCompile Include="Camera.cpp">
      <Filter>소스 파일\Cameras</Filter>
    </ClCompile>
    <ClCompile Include="Shader.cpp">
      <Filter>소스 파일\Shaders</Filter>
    </ClCompile>
    <ClCompile Include="Mesh.cpp">
      <Filter>소스 파일\Meshes</Filter>
    </ClCompile>
    <ClCompile Include="Shaders.hlsl">
      <Filter>소스 파일\HLSLs</Filter>
    </ClCompile>
    <ClCompile Include="GameObject.cpp">
      <Filter>소스 파일\GameObjects</Filter>
    </ClCompile>
    <ClCompile Include="Player.cpp">
      <Filter>소스 파일\Players</Filter>
    </ClCompile>
    <ClCompile Include="OpaqueShader.cpp">
      <Filter>소스 파일\Shaders</Filter>
    </ClCompile>
    <ClCompile Include="CubeMesh.cpp">
      <Filter>소스 파일\Meshes</Filter>
    </ClCompile>
    <ClCompile Include="SphereMesh.cpp">
      <Filter>소스 파일\Meshes</Filter>
    </ClCompile>
    <ClCompile Include="MainScene.cpp">
      <Filter>소스 파일\Scenes</Filter>
    </ClCompile>
    <ClCompile Include="RotatingObject.cpp">
      <Filter>소스 파일\GameObjects</Filter>
    </ClCompile>
    <ClCompile Include="Material.cpp">
      <Filter>소스 파일\Materials</Filter>
    </ClCompile>
    <ClCompile Include="Texture.cpp">
      <Filter>소스 파일\Materials</Filter>
    </ClCompile>
    <ClCompile Include="SkyBoxShader.cpp">
      <Filter>소스 파일\Shaders</Filter>
    </ClCompile>
    <ClCompile Include="HeightMapGridMesh.cpp">
      <Filter>소스 파일\Meshes</Filter>
    </ClCompile>
    <ClCompile Include="TerrainObject.cpp">
      <Filter>소스 파일\GameObjects</Filter>
    </ClCompile>
    <ClCompile Include="TerrainShader.cpp">
      <Filter>소스 파일\Shaders</Filter>
    </ClCompile>
  </ItemGroup>
  <ItemGroup>
    <FxCompile Include="Terrain.hlsl">
      <Filter>소스 파일\HLSLs</Filter>
    </FxCompile>
  </ItemGroup>
</Project>